
Microsoft Visual Studio Solution File, Format Version 12.00
# Visual Studio Version 17
VisualStudioVersion = 17.0.31903.59
MinimumVisualStudioVersion = 10.0.40219.1
Project("{2150E333-8FDC-42A3-9474-1A3956D46DE8}") = "src", "src", "{827E0CD3-B72D-47B6-A68D-7590B98EB39B}"
EndProject
Project("{FAE04EC0-301F-11D3-BF4B-00C04F79EFBC}") = "LabelsMis.Domain", "src\LabelsMis.Domain\LabelsMis.Domain.csproj", "{5896B3D6-9E25-4E76-9F67-7453139F8BAB}"
EndProject
Project("{FAE04EC0-301F-11D3-BF4B-00C04F79EFBC}") = "LabelsMis.Infrastructure", "src\LabelsMis.Infrastructure\LabelsMis.Infrastructure.csproj", "{A4518210-6600-48F5-A9E2-B83BB1AE7148}"
EndProject
Project("{FAE04EC0-301F-11D3-BF4B-00C04F79EFBC}") = "LabelsMis.Web", "src\LabelsMis.Web\LabelsMis.Web.csproj", "{A25AEAE4-A5D4-4FB9-8AAB-FE7910305154}"
EndProject
Project("{2150E333-8FDC-42A3-9474-1A3956D46DE8}") = "tests", "tests", "{0AB3BF05-4346-4AA6-1389-037BE0695223}"
EndProject
Project("{FAE04EC0-301F-11D3-BF4B-00C04F79EFBC}") = "LabelsMis.Domain.Tests", "tests\LabelsMis.Domain.Tests\LabelsMis.Domain.Tests.csproj", "{E7A1E3D9-AAF0-4A07-82B1-DC16748BB25E}"
EndProject
Project("{FAE04EC0-301F-11D3-BF4B-00C04F79EFBC}") = "LabelsMis.Infrastructure.Tests", "tests\LabelsMis.Infrastructure.Tests\LabelsMis.Infrastructure.Tests.csproj", "{CC4D982C-1F60-4795-AA11-A2192B00AF23}"
EndProject
Project("{FAE04EC0-301F-11D3-BF4B-00C04F79EFBC}") = "LabelsMis.Web.Tests", "tests\LabelsMis.Web.Tests\LabelsMis.Web.Tests.csproj", "{EDCED88C-C788-4E33-B87C-B742993536F0}"
EndProject
Project("{FAE04EC0-301F-11D3-BF4B-00C04F79EFBC}") = "LabelsMis.Tools", "src\LabelsMis.Tools\LabelsMis.Tools.csproj", "{68D60D40-D4D7-4A61-8370-B8D5E65950FF}"
EndProject
Global
	GlobalSection(SolutionConfigurationPlatforms) = preSolution
		Debug|Any CPU = Debug|Any CPU
		Debug|x64 = Debug|x64
		Debug|x86 = Debug|x86
		Release|Any CPU = Release|Any CPU
		Release|x64 = Release|x64
		Release|x86 = Release|x86
	EndGlobalSection
	GlobalSection(ProjectConfigurationPlatforms) = postSolution
		{5896B3D6-9E25-4E76-9F67-7453139F8BAB}.Debug|Any CPU.ActiveCfg = Debug|Any CPU
		{5896B3D6-9E25-4E76-9F67-7453139F8BAB}.Debug|Any CPU.Build.0 = Debug|Any CPU
		{5896B3D6-9E25-4E76-9F67-7453139F8BAB}.Debug|x64.ActiveCfg = Debug|Any CPU
		{5896B3D6-9E25-4E76-9F67-7453139F8BAB}.Debug|x64.Build.0 = Debug|Any CPU
		{5896B3D6-9E25-4E76-9F67-7453139F8BAB}.Debug|x86.ActiveCfg = Debug|Any CPU
		{5896B3D6-9E25-4E76-9F67-7453139F8BAB}.Debug|x86.Build.0 = Debug|Any CPU
		{5896B3D6-9E25-4E76-9F67-7453139F8BAB}.Release|Any CPU.ActiveCfg = Release|Any CPU
		{5896B3D6-9E25-4E76-9F67-7453139F8BAB}.Release|Any CPU.Build.0 = Release|Any CPU
		{5896B3D6-9E25-4E76-9F67-7453139F8BAB}.Release|x64.ActiveCfg = Release|Any CPU
		{5896B3D6-9E25-4E76-9F67-7453139F8BAB}.Release|x64.Build.0 = Release|Any CPU
		{5896B3D6-9E25-4E76-9F67-7453139F8BAB}.Release|x86.ActiveCfg = Release|Any CPU
		{5896B3D6-9E25-4E76-9F67-7453139F8BAB}.Release|x86.Build.0 = Release|Any CPU
		{A4518210-6600-48F5-A9E2-B83BB1AE7148}.Debug|Any CPU.ActiveCfg = Debug|Any CPU
		{A4518210-6600-48F5-A9E2-B83BB1AE7148}.Debug|Any CPU.Build.0 = Debug|Any CPU
		{A4518210-6600-48F5-A9E2-B83BB1AE7148}.Debug|x64.ActiveCfg = Debug|Any CPU
		{A4518210-6600-48F5-A9E2-B83BB1AE7148}.Debug|x64.Build.0 = Debug|Any CPU
		{A4518210-6600-48F5-A9E2-B83BB1AE7148}.Debug|x86.ActiveCfg = Debug|Any CPU
		{A4518210-6600-48F5-A9E2-B83BB1AE7148}.Debug|x86.Build.0 = Debug|Any CPU
		{A4518210-6600-48F5-A9E2-B83BB1AE7148}.Release|Any CPU.ActiveCfg = Release|Any CPU
		{A4518210-6600-48F5-A9E2-B83BB1AE7148}.Release|Any CPU.Build.0 = Release|Any CPU
		{A4518210-6600-48F5-A9E2-B83BB1AE7148}.Release|x64.ActiveCfg = Release|Any CPU
		{A4518210-6600-48F5-A9E2-B83BB1AE7148}.Release|x64.Build.0 = Release|Any CPU
		{A4518210-6600-48F5-A9E2-B83BB1AE7148}.Release|x86.ActiveCfg = Release|Any CPU
		{A4518210-6600-48F5-A9E2-B83BB1AE7148}.Release|x86.Build.0 = Release|Any CPU
		{A25AEAE4-A5D4-4FB9-8AAB-FE7910305154}.Debug|Any CPU.ActiveCfg = Debug|Any CPU
		{A25AEAE4-A5D4-4FB9-8AAB-FE7910305154}.Debug|Any CPU.Build.0 = Debug|Any CPU
		{A25AEAE4-A5D4-4FB9-8AAB-FE7910305154}.Debug|x64.ActiveCfg = Debug|Any CPU
		{A25AEAE4-A5D4-4FB9-8AAB-FE7910305154}.Debug|x64.Build.0 = Debug|Any CPU
		{A25AEAE4-A5D4-4FB9-8AAB-FE7910305154}.Debug|x86.ActiveCfg = Debug|Any CPU
		{A25AEAE4-A5D4-4FB9-8AAB-FE7910305154}.Debug|x86.Build.0 = Debug|Any CPU
		{A25AEAE4-A5D4-4FB9-8AAB-FE7910305154}.Release|Any CPU.ActiveCfg = Release|Any CPU
		{A25AEAE4-A5D4-4FB9-8AAB-FE7910305154}.Release|Any CPU.Build.0 = Release|Any CPU
		{A25AEAE4-A5D4-4FB9-8AAB-FE7910305154}.Release|x64.ActiveCfg = Release|Any CPU
		{A25AEAE4-A5D4-4FB9-8AAB-FE7910305154}.Release|x64.Build.0 = Release|Any CPU
		{A25AEAE4-A5D4-4FB9-8AAB-FE7910305154}.Release|x86.ActiveCfg = Release|Any CPU
		{A25AEAE4-A5D4-4FB9-8AAB-FE7910305154}.Release|x86.Build.0 = Release|Any CPU
		{E7A1E3D9-AAF0-4A07-82B1-DC16748BB25E}.Debug|Any CPU.ActiveCfg = Debug|Any CPU
		{E7A1E3D9-AAF0-4A07-82B1-DC16748BB25E}.Debug|Any CPU.Build.0 = Debug|Any CPU
		{E7A1E3D9-AAF0-4A07-82B1-DC16748BB25E}.Debug|x64.ActiveCfg = Debug|Any CPU
		{E7A1E3D9-AAF0-4A07-82B1-DC16748BB25E}.Debug|x64.Build.0 = Debug|Any CPU
		{E7A1E3D9-AAF0-4A07-82B1-DC16748BB25E}.Debug|x86.ActiveCfg = Debug|Any CPU
		{E7A1E3D9-AAF0-4A07-82B1-DC16748BB25E}.Debug|x86.Build.0 = Debug|Any CPU
		{E7A1E3D9-AAF0-4A07-82B1-DC16748BB25E}.Release|Any CPU.ActiveCfg = Release|Any CPU
		{E7A1E3D9-AAF0-4A07-82B1-DC16748BB25E}.Release|Any CPU.Build.0 = Release|Any CPU
		{E7A1E3D9-AAF0-4A07-82B1-DC16748BB25E}.Release|x64.ActiveCfg = Release|Any CPU
		{E7A1E3D9-AAF0-4A07-82B1-DC16748BB25E}.Release|x64.Build.0 = Release|Any CPU
		{E7A1E3D9-AAF0-4A07-82B1-DC16748BB25E}.Release|x86.ActiveCfg = Release|Any CPU
		{E7A1E3D9-AAF0-4A07-82B1-DC16748BB25E}.Release|x86.Build.0 = Release|Any CPU
		{CC4D982C-1F60-4795-AA11-A2192B00AF23}.Debug|Any CPU.ActiveCfg = Debug|Any CPU
		{CC4D982C-1F60-4795-AA11-A2192B00AF23}.Debug|Any CPU.Build.0 = Debug|Any CPU
		{CC4D982C-1F60-4795-AA11-A2192B00AF23}.Debug|x64.ActiveCfg = Debug|Any CPU
		{CC4D982C-1F60-4795-AA11-A2192B00AF23}.Debug|x64.Build.0 = Debug|Any CPU
		{CC4D982C-1F60-4795-AA11-A2192B00AF23}.Debug|x86.ActiveCfg = Debug|Any CPU
		{CC4D982C-1F60-4795-AA11-A2192B00AF23}.Debug|x86.Build.0 = Debug|Any CPU
		{CC4D982C-1F60-4795-AA11-A2192B00AF23}.Release|Any CPU.ActiveCfg = Release|Any CPU
		{CC4D982C-1F60-4795-AA11-A2192B00AF23}.Release|Any CPU.Build.0 = Release|Any CPU
		{CC4D982C-1F60-4795-AA11-A2192B00AF23}.Release|x64.ActiveCfg = Release|Any CPU
		{CC4D982C-1F60-4795-AA11-A2192B00AF23}.Release|x64.Build.0 = Release|Any CPU
		{CC4D982C-1F60-4795-AA11-A2192B00AF23}.Release|x86.ActiveCfg = Release|Any CPU
		{CC4D982C-1F60-4795-AA11-A2192B00AF23}.Release|x86.Build.0 = Release|Any CPU
		{EDCED88C-C788-4E33-B87C-B742993536F0}.Debug|Any CPU.ActiveCfg = Debug|Any CPU
		{EDCED88C-C788-4E33-B87C-B742993536F0}.Debug|Any CPU.Build.0 = Debug|Any CPU
		{EDCED88C-C788-4E33-B87C-B742993536F0}.Debug|x64.ActiveCfg = Debug|Any CPU
		{EDCED88C-C788-4E33-B87C-B742993536F0}.Debug|x64.Build.0 = Debug|Any CPU
		{EDCED88C-C788-4E33-B87C-B742993536F0}.Debug|x86.ActiveCfg = Debug|Any CPU
		{EDCED88C-C788-4E33-B87C-B742993536F0}.Debug|x86.Build.0 = Debug|Any CPU
		{EDCED88C-C788-4E33-B87C-B742993536F0}.Release|Any CPU.ActiveCfg = Release|Any CPU
		{EDCED88C-C788-4E33-B87C-B742993536F0}.Release|Any CPU.Build.0 = Release|Any CPU
		{EDCED88C-C788-4E33-B87C-B742993536F0}.Release|x64.ActiveCfg = Release|Any CPU
		{EDCED88C-C788-4E33-B87C-B742993536F0}.Release|x64.Build.0 = Release|Any CPU
		{EDCED88C-C788-4E33-B87C-B742993536F0}.Release|x86.ActiveCfg = Release|Any CPU
		{EDCED88C-C788-4E33-B87C-B742993536F0}.Release|x86.Build.0 = Release|Any CPU
		{68D60D40-D4D7-4A61-8370-B8D5E65950FF}.Debug|Any CPU.ActiveCfg = Debug|Any CPU
		{68D60D40-D4D7-4A61-8370-B8D5E65950FF}.Debug|Any CPU.Build.0 = Debug|Any CPU
		{68D60D40-D4D7-4A61-8370-B8D5E65950FF}.Debug|x64.ActiveCfg = Debug|Any CPU
		{68D60D40-D4D7-4A61-8370-B8D5E65950FF}.Debug|x64.Build.0 = Debug|Any CPU
		{68D60D40-D4D7-4A61-8370-B8D5E65950FF}.Debug|x86.ActiveCfg = Debug|Any CPU
		{68D60D40-D4D7-4A61-8370-B8D5E65950FF}.Debug|x86.Build.0 = Debug|Any CPU
		{68D60D40-D4D7-4A61-8370-B8D5E65950FF}.Release|Any CPU.ActiveCfg = Release|Any CPU
		{68D60D40-D4D7-4A61-8370-B8D5E65950FF}.Release|Any CPU.Build.0 = Release|Any CPU
		{68D60D40-D4D7-4A61-8370-B8D5E65950FF}.Release|x64.ActiveCfg = Release|Any CPU
		{68D60D40-D4D7-4A61-8370-B8D5E65950FF}.Release|x64.Build.0 = Release|Any CPU
		{68D60D40-D4D7-4A61-8370-B8D5E65950FF}.Release|x86.ActiveCfg = Release|Any CPU
		{68D60D40-D4D7-4A61-8370-B8D5E65950FF}.Release|x86.Build.0 = Release|Any CPU
	EndGlobalSection
	GlobalSection(SolutionProperties) = preSolution
		HideSolutionNode = FALSE
	EndGlobalSection
	GlobalSection(NestedProjects) = preSolution
		{5896B3D6-9E25-4E76-9F67-7453139F8BAB} = {827E0CD3-B72D-47B6-A68D-7590B98EB39B}
		{A4518210-6600-48F5-A9E2-B83BB1AE7148} = {827E0CD3-B72D-47B6-A68D-7590B98EB39B}
		{A25AEAE4-A5D4-4FB9-8AAB-FE7910305154} = {827E0CD3-B72D-47B6-A68D-7590B98EB39B}
		{E7A1E3D9-AAF0-4A07-82B1-DC16748BB25E} = {0AB3BF05-4346-4AA6-1389-037BE0695223}
		{CC4D982C-1F60-4795-AA11-A2192B00AF23} = {0AB3BF05-4346-4AA6-1389-037BE0695223}
		{EDCED88C-C788-4E33-B87C-B742993536F0} = {0AB3BF05-4346-4AA6-1389-037BE0695223}
		{68D60D40-D4D7-4A61-8370-B8D5E65950FF} = {827E0CD3-B72D-47B6-A68D-7590B98EB39B}
	EndGlobalSection
EndGlobal
